
Microsoft Visual Studio Solution File, Format Version 12.00
# Visual Studio Version 17
VisualStudioVersion = 17.0.31912.275
MinimumVisualStudioVersion = 10.0.40219.1
Project("{FAE04EC0-301F-11D3-BF4B-00C04F79EFBC}") = "AppRestarter", "AppRestarter\AppRestarter.csproj", "{DCFB1766-7A22-4F2F-894A-EAC8D2D5456A}"
EndProject
Global
	GlobalSection(SolutionConfigurationPlatforms) = preSolution
		Debug|Any CPU = Debug|Any CPU
		Release|Any CPU = Release|Any CPU
	EndGlobalSection
	GlobalSection(ProjectConfigurationPlatforms) = postSolution
		{DCFB1766-7A22-4F2F-894A-EAC8D2D5456A}.Debug|Any CPU.ActiveCfg = Debug|Any CPU
		{DCFB1766-7A22-4F2F-894A-EAC8D2D5456A}.Debug|Any CPU.Build.0 = Debug|Any CPU
		{DCFB1766-7A22-4F2F-894A-EAC8D2D5456A}.Release|Any CPU.ActiveCfg = Release|Any CPU
		{DCFB1766-7A22-4F2F-894A-EAC8D2D5456A}.Release|Any CPU.Build.0 = Release|Any CPU
	EndGlobalSection
	GlobalSection(SolutionProperties) = preSolution
		HideSolutionNode = FALSE
	EndGlobalSection
	GlobalSection(ExtensibilityGlobals) = postSolution
		SolutionGuid = {CD7C00CA-EF28-4733-BA2C-C648DF28DF06}
	EndGlobalSection
EndGlobal
